
Microsoft Visual Studio Solution File, Format Version 12.00
# Visual Studio 15
VisualStudioVersion = 15.0.28307.645
MinimumVisualStudioVersion = 10.0.40219.1
Project("{9A19103F-16F7-4668-BE54-9A1E7A4F7556}") = "Action Point", "Action Point\Action Point.csproj", "{C19C101B-56C2-4C6C-AF6E-AE26F3595B53}"
EndProject
Project("{9A19103F-16F7-4668-BE54-9A1E7A4F7556}") = "Knights of Honor", "Knights of Honor\Knights of Honor.csproj", "{B1D379DC-28C0-4ECC-8CDD-97A63738CCC7}"
EndProject
Project("{9A19103F-16F7-4668-BE54-9A1E7A4F7556}") = "Custom Min Function", "Custom Min Function\Custom Min Function.csproj", "{574BBAD8-9956-4A22-BFEE-2CBF8D87D962}"
EndProject
Project("{9A19103F-16F7-4668-BE54-9A1E7A4F7556}") = "Find Evens or Odds", "Find Evens or Odds\Find Evens or Odds.csproj", "{AFC9EC32-4597-44F1-B3B6-40FD41E51466}"
EndProject
Project("{9A19103F-16F7-4668-BE54-9A1E7A4F7556}") = "Applied Arithmetics", "Applied Arithmetics\Applied Arithmetics.csproj", "{CE5EED37-B5C9-4912-937F-A0989FE4253D}"
EndProject
Project("{9A19103F-16F7-4668-BE54-9A1E7A4F7556}") = "Reverse And Exclude", "Reverse And Exclude\Reverse And Exclude.csproj", "{C5C6FB80-A3FC-4C97-ACB0-3976B3096A09}"
EndProject
Project("{9A19103F-16F7-4668-BE54-9A1E7A4F7556}") = "Predicate For Names", "Predicate For Names\Predicate For Names.csproj", "{A98D8939-BF6E-456C-8B9D-56AB0A63FE7B}"
EndProject
Project("{9A19103F-16F7-4668-BE54-9A1E7A4F7556}") = "Custom Comparator", "Custom Comparator\Custom Comparator.csproj", "{BA5212A9-ECEB-404F-B002-48704F562D55}"
EndProject
Project("{FAE04EC0-301F-11D3-BF4B-00C04F79EFBC}") = "List Of Predicates", "List Of Predicates\List Of Predicates.csproj", "{DCD201B5-68D3-4CA9-9CA2-4FB3243E0C30}"
EndProject
Project("{FAE04EC0-301F-11D3-BF4B-00C04F79EFBC}") = "Predicate Party!", "Predicate Party!\Predicate Party!.csproj", "{8B54BD50-9E08-476F-925C-F9531D3F478F}"
EndProject
Global
	GlobalSection(SolutionConfigurationPlatforms) = preSolution
		Debug|Any CPU = Debug|Any CPU
		Release|Any CPU = Release|Any CPU
	EndGlobalSection
	GlobalSection(ProjectConfigurationPlatforms) = postSolution
		{C19C101B-56C2-4C6C-AF6E-AE26F3595B53}.Debug|Any CPU.ActiveCfg = Debug|Any CPU
		{C19C101B-56C2-4C6C-AF6E-AE26F3595B53}.Debug|Any CPU.Build.0 = Debug|Any CPU
		{C19C101B-56C2-4C6C-AF6E-AE26F3595B53}.Release|Any CPU.ActiveCfg = Release|Any CPU
		{C19C101B-56C2-4C6C-AF6E-AE26F3595B53}.Release|Any CPU.Build.0 = Release|Any CPU
		{B1D379DC-28C0-4ECC-8CDD-97A63738CCC7}.Debug|Any CPU.ActiveCfg = Debug|Any CPU
		{B1D379DC-28C0-4ECC-8CDD-97A63738CCC7}.Debug|Any CPU.Build.0 = Debug|Any CPU
		{B1D379DC-28C0-4ECC-8CDD-97A63738CCC7}.Release|Any CPU.ActiveCfg = Release|Any CPU
		{B1D379DC-28C0-4ECC-8CDD-97A63738CCC7}.Release|Any CPU.Build.0 = Release|Any CPU
		{574BBAD8-9956-4A22-BFEE-2CBF8D87D962}.Debug|Any CPU.ActiveCfg = Debug|Any CPU
		{574BBAD8-9956-4A22-BFEE-2CBF8D87D962}.Debug|Any CPU.Build.0 = Debug|Any CPU
		{574BBAD8-9956-4A22-BFEE-2CBF8D87D962}.Release|Any CPU.ActiveCfg = Release|Any CPU
		{574BBAD8-9956-4A22-BFEE-2CBF8D87D962}.Release|Any CPU.Build.0 = Release|Any CPU
		{AFC9EC32-4597-44F1-B3B6-40FD41E51466}.Debug|Any CPU.ActiveCfg = Debug|Any CPU
		{AFC9EC32-4597-44F1-B3B6-40FD41E51466}.Debug|Any CPU.Build.0 = Debug|Any CPU
		{AFC9EC32-4597-44F1-B3B6-40FD41E51466}.Release|Any CPU.ActiveCfg = Release|Any CPU
		{AFC9EC32-4597-44F1-B3B6-40FD41E51466}.Release|Any CPU.Build.0 = Release|Any CPU
		{CE5EED37-B5C9-4912-937F-A0989FE4253D}.Debug|Any CPU.ActiveCfg = Debug|Any CPU
		{CE5EED37-B5C9-4912-937F-A0989FE4253D}.Debug|Any CPU.Build.0 = Debug|Any CPU
		{CE5EED37-B5C9-4912-937F-A0989FE4253D}.Release|Any CPU.ActiveCfg = Release|Any CPU
		{CE5EED37-B5C9-4912-937F-A0989FE4253D}.Release|Any CPU.Build.0 = Release|Any CPU
		{C5C6FB80-A3FC-4C97-ACB0-3976B3096A09}.Debug|Any CPU.ActiveCfg = Debug|Any CPU
		{C5C6FB80-A3FC-4C97-ACB0-3976B3096A09}.Debug|Any CPU.Build.0 = Debug|Any CPU
		{C5C6FB80-A3FC-4C97-ACB0-3976B3096A09}.Release|Any CPU.ActiveCfg = Release|Any CPU
		{C5C6FB80-A3FC-4C97-ACB0-3976B3096A09}.Release|Any CPU.Build.0 = Release|Any CPU
		{A98D8939-BF6E-456C-8B9D-56AB0A63FE7B}.Debug|Any CPU.ActiveCfg = Debug|Any CPU
		{A98D8939-BF6E-456C-8B9D-56AB0A63FE7B}.Debug|Any CPU.Build.0 = Debug|Any CPU
		{A98D8939-BF6E-456C-8B9D-56AB0A63FE7B}.Release|Any CPU.ActiveCfg = Release|Any CPU
		{A98D8939-BF6E-456C-8B9D-56AB0A63FE7B}.Release|Any CPU.Build.0 = Release|Any CPU
		{BA5212A9-ECEB-404F-B002-48704F562D55}.Debug|Any CPU.ActiveCfg = Debug|Any CPU
		{BA5212A9-ECEB-404F-B002-48704F562D55}.Debug|Any CPU.Build.0 = Debug|Any CPU
		{BA5212A9-ECEB-404F-B002-48704F562D55}.Release|Any CPU.ActiveCfg = Release|Any CPU
		{BA5212A9-ECEB-404F-B002-48704F562D55}.Release|Any CPU.Build.0 = Release|Any CPU
		{DCD201B5-68D3-4CA9-9CA2-4FB3243E0C30}.Debug|Any CPU.ActiveCfg = Debug|Any CPU
		{DCD201B5-68D3-4CA9-9CA2-4FB3243E0C30}.Debug|Any CPU.Build.0 = Debug|Any CPU
		{DCD201B5-68D3-4CA9-9CA2-4FB3243E0C30}.Release|Any CPU.ActiveCfg = Release|Any CPU
		{DCD201B5-68D3-4CA9-9CA2-4FB3243E0C30}.Release|Any CPU.Build.0 = Release|Any CPU
		{8B54BD50-9E08-476F-925C-F9531D3F478F}.Debug|Any CPU.ActiveCfg = Debug|Any CPU
		{8B54BD50-9E08-476F-925C-F9531D3F478F}.Debug|Any CPU.Build.0 = Debug|Any CPU
		{8B54BD50-9E08-476F-925C-F9531D3F478F}.Release|Any CPU.ActiveCfg = Release|Any CPU
		{8B54BD50-9E08-476F-925C-F9531D3F478F}.Release|Any CPU.Build.0 = Release|Any CPU
	EndGlobalSection
	GlobalSection(SolutionProperties) = preSolution
		HideSolutionNode = FALSE
	EndGlobalSection
	GlobalSection(ExtensibilityGlobals) = postSolution
		SolutionGuid = {2B20F783-A9A7-4EAD-80F9-67EDF094A120}
	EndGlobalSection
EndGlobal
