
Microsoft Visual Studio Solution File, Format Version 12.00
# Visual Studio Version 16
VisualStudioVersion = 16.0.29424.173
MinimumVisualStudioVersion = 10.0.40219.1
Project("{9A19103F-16F7-4668-BE54-9A1E7A4F7556}") = "P01_HospitalDatabase", "P01_HospitalDatabase\P01_HospitalDatabase.csproj", "{71D79319-1A86-48CB-B8B8-502B9348A93B}"
EndProject
Project("{FAE04EC0-301F-11D3-BF4B-00C04F79EFBC}") = "P03_SalesDatabase", "P03_SalesDatabase\P03_SalesDatabase.csproj", "{4A17646D-79AF-43E7-A3AC-6678FE5AA34B}"
EndProject
Global
	GlobalSection(SolutionConfigurationPlatforms) = preSolution
		Debug|Any CPU = Debug|Any CPU
		Release|Any CPU = Release|Any CPU
	EndGlobalSection
	GlobalSection(ProjectConfigurationPlatforms) = postSolution
		{71D79319-1A86-48CB-B8B8-502B9348A93B}.Debug|Any CPU.ActiveCfg = Debug|Any CPU
		{71D79319-1A86-48CB-B8B8-502B9348A93B}.Debug|Any CPU.Build.0 = Debug|Any CPU
		{71D79319-1A86-48CB-B8B8-502B9348A93B}.Release|Any CPU.ActiveCfg = Release|Any CPU
		{71D79319-1A86-48CB-B8B8-502B9348A93B}.Release|Any CPU.Build.0 = Release|Any CPU
		{4A17646D-79AF-43E7-A3AC-6678FE5AA34B}.Debug|Any CPU.ActiveCfg = Debug|Any CPU
		{4A17646D-79AF-43E7-A3AC-6678FE5AA34B}.Debug|Any CPU.Build.0 = Debug|Any CPU
		{4A17646D-79AF-43E7-A3AC-6678FE5AA34B}.Release|Any CPU.ActiveCfg = Release|Any CPU
		{4A17646D-79AF-43E7-A3AC-6678FE5AA34B}.Release|Any CPU.Build.0 = Release|Any CPU
	EndGlobalSection
	GlobalSection(SolutionProperties) = preSolution
		HideSolutionNode = FALSE
	EndGlobalSection
	GlobalSection(ExtensibilityGlobals) = postSolution
		SolutionGuid = {C29A592E-2B04-4656-A7A8-B086E640BDC1}
	EndGlobalSection
EndGlobal
