
Microsoft Visual Studio Solution File, Format Version 12.00
# Visual Studio 15
VisualStudioVersion = 15.0.28307.645
MinimumVisualStudioVersion = 10.0.40219.1
Project("{9A19103F-16F7-4668-BE54-9A1E7A4F7556}") = "CarManufacturer", "CarManufacturer\CarManufacturer.csproj", "{61F15996-5FFB-4EEB-A18E-D3CA27D49B2B}"
EndProject
Global
	GlobalSection(SolutionConfigurationPlatforms) = preSolution
		Debug|Any CPU = Debug|Any CPU
		Release|Any CPU = Release|Any CPU
	EndGlobalSection
	GlobalSection(ProjectConfigurationPlatforms) = postSolution
		{61F15996-5FFB-4EEB-A18E-D3CA27D49B2B}.Debug|Any CPU.ActiveCfg = Debug|Any CPU
		{61F15996-5FFB-4EEB-A18E-D3CA27D49B2B}.Debug|Any CPU.Build.0 = Debug|Any CPU
		{61F15996-5FFB-4EEB-A18E-D3CA27D49B2B}.Release|Any CPU.ActiveCfg = Release|Any CPU
		{61F15996-5FFB-4EEB-A18E-D3CA27D49B2B}.Release|Any CPU.Build.0 = Release|Any CPU
	EndGlobalSection
	GlobalSection(SolutionProperties) = preSolution
		HideSolutionNode = FALSE
	EndGlobalSection
	GlobalSection(ExtensibilityGlobals) = postSolution
		SolutionGuid = {8F53090D-D84F-4B7A-A603-13BD1F5FEEC8}
	EndGlobalSection
EndGlobal
