
Microsoft Visual Studio Solution File, Format Version 12.00
# Visual Studio 15
VisualStudioVersion = 15.0.28307.572
MinimumVisualStudioVersion = 10.0.40219.1
Project("{9A19103F-16F7-4668-BE54-9A1E7A4F7556}") = "Basic Stack Operations", "Basic Stack Operations\Basic Stack Operations.csproj", "{9C52D30A-9B2A-4375-9D8F-3B6A245C89F2}"
EndProject
Project("{9A19103F-16F7-4668-BE54-9A1E7A4F7556}") = "Basic Queue Operations", "Basic Queue Operations\Basic Queue Operations.csproj", "{3A3F016B-5926-42CC-9A2B-AE7F9624C6F3}"
EndProject
Project("{9A19103F-16F7-4668-BE54-9A1E7A4F7556}") = "Maximum and Minimum Element", "Maximum and Minimum Element\Maximum and Minimum Element.csproj", "{97E003A8-9BB0-4542-80E3-5BF65995F7E6}"
EndProject
Project("{9A19103F-16F7-4668-BE54-9A1E7A4F7556}") = "Fast Food", "Fast Food\Fast Food.csproj", "{EC7820E7-01CF-470D-932F-E98E862A511C}"
EndProject
Project("{9A19103F-16F7-4668-BE54-9A1E7A4F7556}") = "Fashion Boutique", "Fashion Boutique\Fashion Boutique.csproj", "{6A552498-D6B1-4841-8574-2D949C6F2DA2}"
EndProject
Project("{9A19103F-16F7-4668-BE54-9A1E7A4F7556}") = "Auto Repair and Service", "Auto Repair and Service\Auto Repair and Service.csproj", "{7386B40C-AD79-4E75-B83A-0BC85946E74C}"
EndProject
Project("{9A19103F-16F7-4668-BE54-9A1E7A4F7556}") = "Truck Tour", "Truck Tour\Truck Tour.csproj", "{0F17F5BD-F749-4E06-B0F1-4E129676C391}"
EndProject
Project("{9A19103F-16F7-4668-BE54-9A1E7A4F7556}") = "Balanced Parentheses", "Balanced Parentheses\Balanced Parentheses.csproj", "{0FD648EF-9F4E-4F58-9AD5-388478626017}"
EndProject
Project("{9A19103F-16F7-4668-BE54-9A1E7A4F7556}") = "Simple Text Editor", "Simple Text Editor\Simple Text Editor.csproj", "{5826AF61-4858-472F-B027-B50B3628D018}"
EndProject
Project("{9A19103F-16F7-4668-BE54-9A1E7A4F7556}") = "Crossroads", "Crossroads\Crossroads.csproj", "{DECC7C06-3DBE-4FF5-A414-2702576370B8}"
EndProject
Project("{FAE04EC0-301F-11D3-BF4B-00C04F79EFBC}") = "Key Revolver", "Key Revolver\Key Revolver.csproj", "{0A8B96EF-24E9-4609-AE40-0FD9E38E6C23}"
EndProject
Global
	GlobalSection(SolutionConfigurationPlatforms) = preSolution
		Debug|Any CPU = Debug|Any CPU
		Release|Any CPU = Release|Any CPU
	EndGlobalSection
	GlobalSection(ProjectConfigurationPlatforms) = postSolution
		{9C52D30A-9B2A-4375-9D8F-3B6A245C89F2}.Debug|Any CPU.ActiveCfg = Debug|Any CPU
		{9C52D30A-9B2A-4375-9D8F-3B6A245C89F2}.Debug|Any CPU.Build.0 = Debug|Any CPU
		{9C52D30A-9B2A-4375-9D8F-3B6A245C89F2}.Release|Any CPU.ActiveCfg = Release|Any CPU
		{9C52D30A-9B2A-4375-9D8F-3B6A245C89F2}.Release|Any CPU.Build.0 = Release|Any CPU
		{3A3F016B-5926-42CC-9A2B-AE7F9624C6F3}.Debug|Any CPU.ActiveCfg = Debug|Any CPU
		{3A3F016B-5926-42CC-9A2B-AE7F9624C6F3}.Debug|Any CPU.Build.0 = Debug|Any CPU
		{3A3F016B-5926-42CC-9A2B-AE7F9624C6F3}.Release|Any CPU.ActiveCfg = Release|Any CPU
		{3A3F016B-5926-42CC-9A2B-AE7F9624C6F3}.Release|Any CPU.Build.0 = Release|Any CPU
		{97E003A8-9BB0-4542-80E3-5BF65995F7E6}.Debug|Any CPU.ActiveCfg = Debug|Any CPU
		{97E003A8-9BB0-4542-80E3-5BF65995F7E6}.Debug|Any CPU.Build.0 = Debug|Any CPU
		{97E003A8-9BB0-4542-80E3-5BF65995F7E6}.Release|Any CPU.ActiveCfg = Release|Any CPU
		{97E003A8-9BB0-4542-80E3-5BF65995F7E6}.Release|Any CPU.Build.0 = Release|Any CPU
		{EC7820E7-01CF-470D-932F-E98E862A511C}.Debug|Any CPU.ActiveCfg = Debug|Any CPU
		{EC7820E7-01CF-470D-932F-E98E862A511C}.Debug|Any CPU.Build.0 = Debug|Any CPU
		{EC7820E7-01CF-470D-932F-E98E862A511C}.Release|Any CPU.ActiveCfg = Release|Any CPU
		{EC7820E7-01CF-470D-932F-E98E862A511C}.Release|Any CPU.Build.0 = Release|Any CPU
		{6A552498-D6B1-4841-8574-2D949C6F2DA2}.Debug|Any CPU.ActiveCfg = Debug|Any CPU
		{6A552498-D6B1-4841-8574-2D949C6F2DA2}.Debug|Any CPU.Build.0 = Debug|Any CPU
		{6A552498-D6B1-4841-8574-2D949C6F2DA2}.Release|Any CPU.ActiveCfg = Release|Any CPU
		{6A552498-D6B1-4841-8574-2D949C6F2DA2}.Release|Any CPU.Build.0 = Release|Any CPU
		{7386B40C-AD79-4E75-B83A-0BC85946E74C}.Debug|Any CPU.ActiveCfg = Debug|Any CPU
		{7386B40C-AD79-4E75-B83A-0BC85946E74C}.Debug|Any CPU.Build.0 = Debug|Any CPU
		{7386B40C-AD79-4E75-B83A-0BC85946E74C}.Release|Any CPU.ActiveCfg = Release|Any CPU
		{7386B40C-AD79-4E75-B83A-0BC85946E74C}.Release|Any CPU.Build.0 = Release|Any CPU
		{0F17F5BD-F749-4E06-B0F1-4E129676C391}.Debug|Any CPU.ActiveCfg = Debug|Any CPU
		{0F17F5BD-F749-4E06-B0F1-4E129676C391}.Debug|Any CPU.Build.0 = Debug|Any CPU
		{0F17F5BD-F749-4E06-B0F1-4E129676C391}.Release|Any CPU.ActiveCfg = Release|Any CPU
		{0F17F5BD-F749-4E06-B0F1-4E129676C391}.Release|Any CPU.Build.0 = Release|Any CPU
		{0FD648EF-9F4E-4F58-9AD5-388478626017}.Debug|Any CPU.ActiveCfg = Debug|Any CPU
		{0FD648EF-9F4E-4F58-9AD5-388478626017}.Debug|Any CPU.Build.0 = Debug|Any CPU
		{0FD648EF-9F4E-4F58-9AD5-388478626017}.Release|Any CPU.ActiveCfg = Release|Any CPU
		{0FD648EF-9F4E-4F58-9AD5-388478626017}.Release|Any CPU.Build.0 = Release|Any CPU
		{5826AF61-4858-472F-B027-B50B3628D018}.Debug|Any CPU.ActiveCfg = Debug|Any CPU
		{5826AF61-4858-472F-B027-B50B3628D018}.Debug|Any CPU.Build.0 = Debug|Any CPU
		{5826AF61-4858-472F-B027-B50B3628D018}.Release|Any CPU.ActiveCfg = Release|Any CPU
		{5826AF61-4858-472F-B027-B50B3628D018}.Release|Any CPU.Build.0 = Release|Any CPU
		{DECC7C06-3DBE-4FF5-A414-2702576370B8}.Debug|Any CPU.ActiveCfg = Debug|Any CPU
		{DECC7C06-3DBE-4FF5-A414-2702576370B8}.Debug|Any CPU.Build.0 = Debug|Any CPU
		{DECC7C06-3DBE-4FF5-A414-2702576370B8}.Release|Any CPU.ActiveCfg = Release|Any CPU
		{DECC7C06-3DBE-4FF5-A414-2702576370B8}.Release|Any CPU.Build.0 = Release|Any CPU
		{0A8B96EF-24E9-4609-AE40-0FD9E38E6C23}.Debug|Any CPU.ActiveCfg = Debug|Any CPU
		{0A8B96EF-24E9-4609-AE40-0FD9E38E6C23}.Debug|Any CPU.Build.0 = Debug|Any CPU
		{0A8B96EF-24E9-4609-AE40-0FD9E38E6C23}.Release|Any CPU.ActiveCfg = Release|Any CPU
		{0A8B96EF-24E9-4609-AE40-0FD9E38E6C23}.Release|Any CPU.Build.0 = Release|Any CPU
	EndGlobalSection
	GlobalSection(SolutionProperties) = preSolution
		HideSolutionNode = FALSE
	EndGlobalSection
	GlobalSection(ExtensibilityGlobals) = postSolution
		SolutionGuid = {EE2503BF-F5AF-4810-B70C-DDB02101C0CE}
	EndGlobalSection
EndGlobal
