
Microsoft Visual Studio Solution File, Format Version 12.00
# Visual Studio 15
VisualStudioVersion = 15.0.28307.572
MinimumVisualStudioVersion = 10.0.40219.1
Project("{FAE04EC0-301F-11D3-BF4B-00C04F79EFBC}") = "Reverse Strings", "Reverse Strings\Reverse Strings.csproj", "{82E915B0-8DBE-4DE0-8564-77251CE1C496}"
EndProject
Global
	GlobalSection(SolutionConfigurationPlatforms) = preSolution
		Debug|Any CPU = Debug|Any CPU
		Release|Any CPU = Release|Any CPU
	EndGlobalSection
	GlobalSection(ProjectConfigurationPlatforms) = postSolution
		{82E915B0-8DBE-4DE0-8564-77251CE1C496}.Debug|Any CPU.ActiveCfg = Debug|Any CPU
		{82E915B0-8DBE-4DE0-8564-77251CE1C496}.Debug|Any CPU.Build.0 = Debug|Any CPU
		{82E915B0-8DBE-4DE0-8564-77251CE1C496}.Release|Any CPU.ActiveCfg = Release|Any CPU
		{82E915B0-8DBE-4DE0-8564-77251CE1C496}.Release|Any CPU.Build.0 = Release|Any CPU
	EndGlobalSection
	GlobalSection(SolutionProperties) = preSolution
		HideSolutionNode = FALSE
	EndGlobalSection
	GlobalSection(ExtensibilityGlobals) = postSolution
		SolutionGuid = {D3689CF4-1D35-4E3B-809C-1CABFBA3AAEB}
	EndGlobalSection
EndGlobal
