
Microsoft Visual Studio Solution File, Format Version 12.00
# Visual Studio 15
VisualStudioVersion = 15.0.28307.645
MinimumVisualStudioVersion = 10.0.40219.1
Project("{9A19103F-16F7-4668-BE54-9A1E7A4F7556}") = "ListyIterator", "ListyIterator\ListyIterator.csproj", "{C73D2E02-E2C1-4D86-996C-8F9801D3E4FC}"
EndProject
Project("{FAE04EC0-301F-11D3-BF4B-00C04F79EFBC}") = "Froggy", "Froggy\Froggy.csproj", "{A91B1369-DD30-44B8-B717-03112C0B6F08}"
EndProject
Project("{FAE04EC0-301F-11D3-BF4B-00C04F79EFBC}") = "ObjectsComparing", "ObjectsComparing\ObjectsComparing.csproj", "{35728630-61FF-4AA0-A0CF-DA2F7CF31EB2}"
EndProject
Global
	GlobalSection(SolutionConfigurationPlatforms) = preSolution
		Debug|Any CPU = Debug|Any CPU
		Release|Any CPU = Release|Any CPU
	EndGlobalSection
	GlobalSection(ProjectConfigurationPlatforms) = postSolution
		{C73D2E02-E2C1-4D86-996C-8F9801D3E4FC}.Debug|Any CPU.ActiveCfg = Debug|Any CPU
		{C73D2E02-E2C1-4D86-996C-8F9801D3E4FC}.Debug|Any CPU.Build.0 = Debug|Any CPU
		{C73D2E02-E2C1-4D86-996C-8F9801D3E4FC}.Release|Any CPU.ActiveCfg = Release|Any CPU
		{C73D2E02-E2C1-4D86-996C-8F9801D3E4FC}.Release|Any CPU.Build.0 = Release|Any CPU
		{A91B1369-DD30-44B8-B717-03112C0B6F08}.Debug|Any CPU.ActiveCfg = Debug|Any CPU
		{A91B1369-DD30-44B8-B717-03112C0B6F08}.Debug|Any CPU.Build.0 = Debug|Any CPU
		{A91B1369-DD30-44B8-B717-03112C0B6F08}.Release|Any CPU.ActiveCfg = Release|Any CPU
		{A91B1369-DD30-44B8-B717-03112C0B6F08}.Release|Any CPU.Build.0 = Release|Any CPU
		{35728630-61FF-4AA0-A0CF-DA2F7CF31EB2}.Debug|Any CPU.ActiveCfg = Debug|Any CPU
		{35728630-61FF-4AA0-A0CF-DA2F7CF31EB2}.Debug|Any CPU.Build.0 = Debug|Any CPU
		{35728630-61FF-4AA0-A0CF-DA2F7CF31EB2}.Release|Any CPU.ActiveCfg = Release|Any CPU
		{35728630-61FF-4AA0-A0CF-DA2F7CF31EB2}.Release|Any CPU.Build.0 = Release|Any CPU
	EndGlobalSection
	GlobalSection(SolutionProperties) = preSolution
		HideSolutionNode = FALSE
	EndGlobalSection
	GlobalSection(ExtensibilityGlobals) = postSolution
		SolutionGuid = {4BCAF0A6-4B13-487D-B949-A616108BC262}
	EndGlobalSection
EndGlobal
