
Microsoft Visual Studio Solution File, Format Version 12.00
# Visual Studio 15
VisualStudioVersion = 15.0.28307.572
MinimumVisualStudioVersion = 10.0.40219.1
Project("{FAE04EC0-301F-11D3-BF4B-00C04F79EFBC}") = "First Task", "First Task\First Task.csproj", "{0B292C0E-C4A0-4C0E-9366-3BA74A4A0F1A}"
EndProject
Project("{FAE04EC0-301F-11D3-BF4B-00C04F79EFBC}") = "Task Two", "Task Two\Task Two.csproj", "{BB5E8EF2-BDE0-4043-8134-6010E751E154}"
EndProject
Global
	GlobalSection(SolutionConfigurationPlatforms) = preSolution
		Debug|Any CPU = Debug|Any CPU
		Release|Any CPU = Release|Any CPU
	EndGlobalSection
	GlobalSection(ProjectConfigurationPlatforms) = postSolution
		{0B292C0E-C4A0-4C0E-9366-3BA74A4A0F1A}.Debug|Any CPU.ActiveCfg = Debug|Any CPU
		{0B292C0E-C4A0-4C0E-9366-3BA74A4A0F1A}.Debug|Any CPU.Build.0 = Debug|Any CPU
		{0B292C0E-C4A0-4C0E-9366-3BA74A4A0F1A}.Release|Any CPU.ActiveCfg = Release|Any CPU
		{0B292C0E-C4A0-4C0E-9366-3BA74A4A0F1A}.Release|Any CPU.Build.0 = Release|Any CPU
		{BB5E8EF2-BDE0-4043-8134-6010E751E154}.Debug|Any CPU.ActiveCfg = Debug|Any CPU
		{BB5E8EF2-BDE0-4043-8134-6010E751E154}.Debug|Any CPU.Build.0 = Debug|Any CPU
		{BB5E8EF2-BDE0-4043-8134-6010E751E154}.Release|Any CPU.ActiveCfg = Release|Any CPU
		{BB5E8EF2-BDE0-4043-8134-6010E751E154}.Release|Any CPU.Build.0 = Release|Any CPU
	EndGlobalSection
	GlobalSection(SolutionProperties) = preSolution
		HideSolutionNode = FALSE
	EndGlobalSection
	GlobalSection(ExtensibilityGlobals) = postSolution
		SolutionGuid = {0894B7AE-D370-4CB0-B8EE-8CC393380826}
	EndGlobalSection
EndGlobal
