
Microsoft Visual Studio Solution File, Format Version 12.00
# Visual Studio 15
VisualStudioVersion = 15.0.28307.329
MinimumVisualStudioVersion = 10.0.40219.1
Project("{FAE04EC0-301F-11D3-BF4B-00C04F79EFBC}") = "Data Type Finder", "Data Type Finder\Data Type Finder.csproj", "{646767C7-8413-4161-B368-FBD48AA8BC70}"
EndProject
Project("{FAE04EC0-301F-11D3-BF4B-00C04F79EFBC}") = "From Left to The Right", "From Left to The Right\From Left to The Right.csproj", "{D2D83D98-5461-4A2A-B019-3C4516117792}"
EndProject
Global
	GlobalSection(SolutionConfigurationPlatforms) = preSolution
		Debug|Any CPU = Debug|Any CPU
		Release|Any CPU = Release|Any CPU
	EndGlobalSection
	GlobalSection(ProjectConfigurationPlatforms) = postSolution
		{646767C7-8413-4161-B368-FBD48AA8BC70}.Debug|Any CPU.ActiveCfg = Debug|Any CPU
		{646767C7-8413-4161-B368-FBD48AA8BC70}.Debug|Any CPU.Build.0 = Debug|Any CPU
		{646767C7-8413-4161-B368-FBD48AA8BC70}.Release|Any CPU.ActiveCfg = Release|Any CPU
		{646767C7-8413-4161-B368-FBD48AA8BC70}.Release|Any CPU.Build.0 = Release|Any CPU
		{D2D83D98-5461-4A2A-B019-3C4516117792}.Debug|Any CPU.ActiveCfg = Debug|Any CPU
		{D2D83D98-5461-4A2A-B019-3C4516117792}.Debug|Any CPU.Build.0 = Debug|Any CPU
		{D2D83D98-5461-4A2A-B019-3C4516117792}.Release|Any CPU.ActiveCfg = Release|Any CPU
		{D2D83D98-5461-4A2A-B019-3C4516117792}.Release|Any CPU.Build.0 = Release|Any CPU
	EndGlobalSection
	GlobalSection(SolutionProperties) = preSolution
		HideSolutionNode = FALSE
	EndGlobalSection
	GlobalSection(ExtensibilityGlobals) = postSolution
		SolutionGuid = {558427A8-C7F0-45C5-8BD8-CE9171F585E3}
	EndGlobalSection
EndGlobal
