
Microsoft Visual Studio Solution File, Format Version 12.00
# Visual Studio 15
VisualStudioVersion = 15.0.28307.329
MinimumVisualStudioVersion = 10.0.40219.1
Project("{FAE04EC0-301F-11D3-BF4B-00C04F79EFBC}") = "Encrypt, Sort and Print Array", "Encrypt, Sort and Print Array\Encrypt, Sort and Print Array.csproj", "{14929ADB-D945-4980-8181-5208894E0D01}"
EndProject
Global
	GlobalSection(SolutionConfigurationPlatforms) = preSolution
		Debug|Any CPU = Debug|Any CPU
		Release|Any CPU = Release|Any CPU
	EndGlobalSection
	GlobalSection(ProjectConfigurationPlatforms) = postSolution
		{14929ADB-D945-4980-8181-5208894E0D01}.Debug|Any CPU.ActiveCfg = Debug|Any CPU
		{14929ADB-D945-4980-8181-5208894E0D01}.Debug|Any CPU.Build.0 = Debug|Any CPU
		{14929ADB-D945-4980-8181-5208894E0D01}.Release|Any CPU.ActiveCfg = Release|Any CPU
		{14929ADB-D945-4980-8181-5208894E0D01}.Release|Any CPU.Build.0 = Release|Any CPU
	EndGlobalSection
	GlobalSection(SolutionProperties) = preSolution
		HideSolutionNode = FALSE
	EndGlobalSection
	GlobalSection(ExtensibilityGlobals) = postSolution
		SolutionGuid = {613BA82C-3221-4355-A982-5A9498F728D5}
	EndGlobalSection
EndGlobal
